dependencies:
- name: common
  repository: https://charts.bitnami.com/bitnami
  version: 2.4.0
- name: reloader
  repository: https://stakater.github.io/stakater-charts
  version: 1.0.38
digest: sha256:5f370759b23df12187f043df93fa0d0663e52738fa8e34718464b0b67b0228f5
generated: "2023-08-23T20:31:44.994713407Z"
